
Microsoft Visual Studio Solution File, Format Version 12.00
# Visual Studio Version 16
VisualStudioVersion = 16.0.30717.126
MinimumVisualStudioVersion = 10.0.40219.1
Project("{FAE04EC0-301F-11D3-BF4B-00C04F79EFBC}") = "IncDecOperator", "IncDecOperator\IncDecOperator.csproj", "{2FE61963-029A-492E-853D-0B5707DC88BA}"
EndProject
Global
	GlobalSection(SolutionConfigurationPlatforms) = preSolution
		Debug|Any CPU = Debug|Any CPU
		Release|Any CPU = Release|Any CPU
	EndGlobalSection
	GlobalSection(ProjectConfigurationPlatforms) = postSolution
		{2FE61963-029A-492E-853D-0B5707DC88BA}.Debug|Any CPU.ActiveCfg = Debug|Any CPU
		{2FE61963-029A-492E-853D-0B5707DC88BA}.Debug|Any CPU.Build.0 = Debug|Any CPU
		{2FE61963-029A-492E-853D-0B5707DC88BA}.Release|Any CPU.ActiveCfg = Release|Any CPU
		{2FE61963-029A-492E-853D-0B5707DC88BA}.Release|Any CPU.Build.0 = Release|Any CPU
	EndGlobalSection
	GlobalSection(SolutionProperties) = preSolution
		HideSolutionNode = FALSE
	EndGlobalSection
	GlobalSection(ExtensibilityGlobals) = postSolution
		SolutionGuid = {97C55B37-FDD2-4E99-A9E9-63BE0C8E0938}
	EndGlobalSection
EndGlobal
