
Microsoft Visual Studio Solution File, Format Version 12.00
# Visual Studio Version 16
VisualStudioVersion = 16.0.31025.194
MinimumVisualStudioVersion = 10.0.40219.1
Project("{FAE04EC0-301F-11D3-BF4B-00C04F79EFBC}") = "Break_Out", "Break_Out\Break_Out.csproj", "{AFCC8569-810C-465B-9545-BAD4EC0DA2CF}"
EndProject
Global
	GlobalSection(SolutionConfigurationPlatforms) = preSolution
		Debug|Any CPU = Debug|Any CPU
		Release|Any CPU = Release|Any CPU
	EndGlobalSection
	GlobalSection(ProjectConfigurationPlatforms) = postSolution
		{AFCC8569-810C-465B-9545-BAD4EC0DA2CF}.Debug|Any CPU.ActiveCfg = Debug|Any CPU
		{AFCC8569-810C-465B-9545-BAD4EC0DA2CF}.Debug|Any CPU.Build.0 = Debug|Any CPU
		{AFCC8569-810C-465B-9545-BAD4EC0DA2CF}.Release|Any CPU.ActiveCfg = Release|Any CPU
		{AFCC8569-810C-465B-9545-BAD4EC0DA2CF}.Release|Any CPU.Build.0 = Release|Any CPU
	EndGlobalSection
	GlobalSection(SolutionProperties) = preSolution
		HideSolutionNode = FALSE
	EndGlobalSection
	GlobalSection(ExtensibilityGlobals) = postSolution
		SolutionGuid = {42A666E9-3F88-4756-995C-E1DCCE971C68}
	EndGlobalSection
EndGlobal
