
Microsoft Visual Studio Solution File, Format Version 12.00
# Visual Studio Version 16
VisualStudioVersion = 16.0.31025.194
MinimumVisualStudioVersion = 10.0.40219.1
Project("{FAE04EC0-301F-11D3-BF4B-00C04F79EFBC}") = "Chap11", "Chap11\Chap11.csproj", "{48A64779-ED70-4790-B01B-14B6C3E551FF}"
EndProject
Global
	GlobalSection(SolutionConfigurationPlatforms) = preSolution
		Debug|Any CPU = Debug|Any CPU
		Release|Any CPU = Release|Any CPU
	EndGlobalSection
	GlobalSection(ProjectConfigurationPlatforms) = postSolution
		{48A64779-ED70-4790-B01B-14B6C3E551FF}.Debug|Any CPU.ActiveCfg = Debug|Any CPU
		{48A64779-ED70-4790-B01B-14B6C3E551FF}.Debug|Any CPU.Build.0 = Debug|Any CPU
		{48A64779-ED70-4790-B01B-14B6C3E551FF}.Release|Any CPU.ActiveCfg = Release|Any CPU
		{48A64779-ED70-4790-B01B-14B6C3E551FF}.Release|Any CPU.Build.0 = Release|Any CPU
	EndGlobalSection
	GlobalSection(SolutionProperties) = preSolution
		HideSolutionNode = FALSE
	EndGlobalSection
	GlobalSection(ExtensibilityGlobals) = postSolution
		SolutionGuid = {5289D1EB-E944-4332-96C3-4F428A7E60EF}
	EndGlobalSection
EndGlobal
