
Microsoft Visual Studio Solution File, Format Version 12.00
# Visual Studio Version 16
VisualStudioVersion = 16.0.31019.35
MinimumVisualStudioVersion = 10.0.40219.1
Project("{FAE04EC0-301F-11D3-BF4B-00C04F79EFBC}") = "FirstProgram", "FirstProgram\FirstProgram.csproj", "{0A716626-B7F5-436A-80DE-2E9C821A3D73}"
EndProject
Global
	GlobalSection(SolutionConfigurationPlatforms) = preSolution
		Debug|Any CPU = Debug|Any CPU
		Release|Any CPU = Release|Any CPU
	EndGlobalSection
	GlobalSection(ProjectConfigurationPlatforms) = postSolution
		{0A716626-B7F5-436A-80DE-2E9C821A3D73}.Debug|Any CPU.ActiveCfg = Debug|Any CPU
		{0A716626-B7F5-436A-80DE-2E9C821A3D73}.Debug|Any CPU.Build.0 = Debug|Any CPU
		{0A716626-B7F5-436A-80DE-2E9C821A3D73}.Release|Any CPU.ActiveCfg = Release|Any CPU
		{0A716626-B7F5-436A-80DE-2E9C821A3D73}.Release|Any CPU.Build.0 = Release|Any CPU
	EndGlobalSection
	GlobalSection(SolutionProperties) = preSolution
		HideSolutionNode = FALSE
	EndGlobalSection
	GlobalSection(ExtensibilityGlobals) = postSolution
		SolutionGuid = {E37682B7-F1A2-459C-920A-35D74F493BE1}
	EndGlobalSection
EndGlobal
