
Microsoft Visual Studio Solution File, Format Version 12.00
# Visual Studio Version 16
VisualStudioVersion = 16.0.30717.126
MinimumVisualStudioVersion = 10.0.40219.1
Project("{FAE04EC0-301F-11D3-BF4B-00C04F79EFBC}") = "IntegralConversion", "IntegralConversion\IntegralConversion.csproj", "{BA2B7D79-6892-48C4-8560-794F4D39F8BC}"
EndProject
Global
	GlobalSection(SolutionConfigurationPlatforms) = preSolution
		Debug|Any CPU = Debug|Any CPU
		Release|Any CPU = Release|Any CPU
	EndGlobalSection
	GlobalSection(ProjectConfigurationPlatforms) = postSolution
		{BA2B7D79-6892-48C4-8560-794F4D39F8BC}.Debug|Any CPU.ActiveCfg = Debug|Any CPU
		{BA2B7D79-6892-48C4-8560-794F4D39F8BC}.Debug|Any CPU.Build.0 = Debug|Any CPU
		{BA2B7D79-6892-48C4-8560-794F4D39F8BC}.Release|Any CPU.ActiveCfg = Release|Any CPU
		{BA2B7D79-6892-48C4-8560-794F4D39F8BC}.Release|Any CPU.Build.0 = Release|Any CPU
	EndGlobalSection
	GlobalSection(SolutionProperties) = preSolution
		HideSolutionNode = FALSE
	EndGlobalSection
	GlobalSection(ExtensibilityGlobals) = postSolution
		SolutionGuid = {2D223111-37B2-49DB-AFCE-F206A5A46190}
	EndGlobalSection
EndGlobal
