
Microsoft Visual Studio Solution File, Format Version 12.00
# Visual Studio Version 16
VisualStudioVersion = 16.0.30717.126
MinimumVisualStudioVersion = 10.0.40219.1
Project("{FAE04EC0-301F-11D3-BF4B-00C04F79EFBC}") = "CTS", "CTS\CTS.csproj", "{047B8595-BDB3-4ECA-BB5A-84D6E1996E09}"
EndProject
Global
	GlobalSection(SolutionConfigurationPlatforms) = preSolution
		Debug|Any CPU = Debug|Any CPU
		Release|Any CPU = Release|Any CPU
	EndGlobalSection
	GlobalSection(ProjectConfigurationPlatforms) = postSolution
		{047B8595-BDB3-4ECA-BB5A-84D6E1996E09}.Debug|Any CPU.ActiveCfg = Debug|Any CPU
		{047B8595-BDB3-4ECA-BB5A-84D6E1996E09}.Debug|Any CPU.Build.0 = Debug|Any CPU
		{047B8595-BDB3-4ECA-BB5A-84D6E1996E09}.Release|Any CPU.ActiveCfg = Release|Any CPU
		{047B8595-BDB3-4ECA-BB5A-84D6E1996E09}.Release|Any CPU.Build.0 = Release|Any CPU
	EndGlobalSection
	GlobalSection(SolutionProperties) = preSolution
		HideSolutionNode = FALSE
	EndGlobalSection
	GlobalSection(ExtensibilityGlobals) = postSolution
		SolutionGuid = {7B2E48EC-3601-4B7B-9B36-D1F2378EED58}
	EndGlobalSection
EndGlobal
