
Microsoft Visual Studio Solution File, Format Version 12.00
# Visual Studio Version 16
VisualStudioVersion = 16.0.31025.194
MinimumVisualStudioVersion = 10.0.40219.1
Project("{FAE04EC0-301F-11D3-BF4B-00C04F79EFBC}") = "StateLoopArrayTest", "StateLoopArrayTest\StateLoopArrayTest.csproj", "{C907641F-6DA0-4FB7-81AC-B6B484ECDDE1}"
EndProject
Global
	GlobalSection(SolutionConfigurationPlatforms) = preSolution
		Debug|Any CPU = Debug|Any CPU
		Release|Any CPU = Release|Any CPU
	EndGlobalSection
	GlobalSection(ProjectConfigurationPlatforms) = postSolution
		{C907641F-6DA0-4FB7-81AC-B6B484ECDDE1}.Debug|Any CPU.ActiveCfg = Debug|Any CPU
		{C907641F-6DA0-4FB7-81AC-B6B484ECDDE1}.Debug|Any CPU.Build.0 = Debug|Any CPU
		{C907641F-6DA0-4FB7-81AC-B6B484ECDDE1}.Release|Any CPU.ActiveCfg = Release|Any CPU
		{C907641F-6DA0-4FB7-81AC-B6B484ECDDE1}.Release|Any CPU.Build.0 = Release|Any CPU
	EndGlobalSection
	GlobalSection(SolutionProperties) = preSolution
		HideSolutionNode = FALSE
	EndGlobalSection
	GlobalSection(ExtensibilityGlobals) = postSolution
		SolutionGuid = {0E4AD696-2C4B-4E3A-813C-49AAB723E27E}
	EndGlobalSection
EndGlobal
