
Microsoft Visual Studio Solution File, Format Version 12.00
# Visual Studio Version 16
VisualStudioVersion = 16.0.30717.126
MinimumVisualStudioVersion = 10.0.40219.1
Project("{FAE04EC0-301F-11D3-BF4B-00C04F79EFBC}") = "FloatToIntegral", "FloatToIntegral\FloatToIntegral.csproj", "{5FAA497B-58C8-4301-B5A8-71EE82CB51B7}"
EndProject
Global
	GlobalSection(SolutionConfigurationPlatforms) = preSolution
		Debug|Any CPU = Debug|Any CPU
		Release|Any CPU = Release|Any CPU
	EndGlobalSection
	GlobalSection(ProjectConfigurationPlatforms) = postSolution
		{5FAA497B-58C8-4301-B5A8-71EE82CB51B7}.Debug|Any CPU.ActiveCfg = Debug|Any CPU
		{5FAA497B-58C8-4301-B5A8-71EE82CB51B7}.Debug|Any CPU.Build.0 = Debug|Any CPU
		{5FAA497B-58C8-4301-B5A8-71EE82CB51B7}.Release|Any CPU.ActiveCfg = Release|Any CPU
		{5FAA497B-58C8-4301-B5A8-71EE82CB51B7}.Release|Any CPU.Build.0 = Release|Any CPU
	EndGlobalSection
	GlobalSection(SolutionProperties) = preSolution
		HideSolutionNode = FALSE
	EndGlobalSection
	GlobalSection(ExtensibilityGlobals) = postSolution
		SolutionGuid = {6A587E83-CB99-4213-A77E-A7C9BB183A79}
	EndGlobalSection
EndGlobal
