
Microsoft Visual Studio Solution File, Format Version 12.00
# Visual Studio Version 16
VisualStudioVersion = 16.0.30717.126
MinimumVisualStudioVersion = 10.0.40219.1
Project("{FAE04EC0-301F-11D3-BF4B-00C04F79EFBC}") = "Char", "Char\Char.csproj", "{4FD7E264-730F-4D85-A1DF-073F137CEEDE}"
EndProject
Global
	GlobalSection(SolutionConfigurationPlatforms) = preSolution
		Debug|Any CPU = Debug|Any CPU
		Release|Any CPU = Release|Any CPU
	EndGlobalSection
	GlobalSection(ProjectConfigurationPlatforms) = postSolution
		{4FD7E264-730F-4D85-A1DF-073F137CEEDE}.Debug|Any CPU.ActiveCfg = Debug|Any CPU
		{4FD7E264-730F-4D85-A1DF-073F137CEEDE}.Debug|Any CPU.Build.0 = Debug|Any CPU
		{4FD7E264-730F-4D85-A1DF-073F137CEEDE}.Release|Any CPU.ActiveCfg = Release|Any CPU
		{4FD7E264-730F-4D85-A1DF-073F137CEEDE}.Release|Any CPU.Build.0 = Release|Any CPU
	EndGlobalSection
	GlobalSection(SolutionProperties) = preSolution
		HideSolutionNode = FALSE
	EndGlobalSection
	GlobalSection(ExtensibilityGlobals) = postSolution
		SolutionGuid = {E1537FC1-B31F-402F-A6CE-87C4689CB949}
	EndGlobalSection
EndGlobal
